
Microsoft Visual Studio Solution File, Format Version 12.00
# Visual Studio 15
VisualStudioVersion = 15.0.27703.2000
MinimumVisualStudioVersion = 10.0.40219.1
Project("{FAE04EC0-301F-11D3-BF4B-00C04F79EFBC}") = "ExemploFAB.Android", "ExemploFAB\ExemploFAB.Android\ExemploFAB.Android.csproj", "{9B8C904C-C1BC-4F68-A89E-EB544A7A894F}"
EndProject
Project("{FAE04EC0-301F-11D3-BF4B-00C04F79EFBC}") = "ExemploFAB.iOS", "ExemploFAB\ExemploFAB.iOS\ExemploFAB.iOS.csproj", "{720DA230-DEE6-4806-955A-048C83A75B9F}"
EndProject
Project("{FAE04EC0-301F-11D3-BF4B-00C04F79EFBC}") = "ExemploFAB.UWP", "ExemploFAB\ExemploFAB.UWP\ExemploFAB.UWP.csproj", "{01874963-6C1A-459E-9F87-732B9F6F5989}"
EndProject
Project("{FAE04EC0-301F-11D3-BF4B-00C04F79EFBC}") = "ExemploFAB", "ExemploFAB\ExemploFAB\ExemploFAB.csproj", "{878CC8EE-BDC8-4781-B2FC-8535AA9A2968}"
EndProject
Global
	GlobalSection(SolutionConfigurationPlatforms) = preSolution
		Ad-Hoc|Any CPU = Ad-Hoc|Any CPU
		Ad-Hoc|ARM = Ad-Hoc|ARM
		Ad-Hoc|iPhone = Ad-Hoc|iPhone
		Ad-Hoc|iPhoneSimulator = Ad-Hoc|iPhoneSimulator
		Ad-Hoc|x64 = Ad-Hoc|x64
		Ad-Hoc|x86 = Ad-Hoc|x86
		AppStore|Any CPU = AppStore|Any CPU
		AppStore|ARM = AppStore|ARM
		AppStore|iPhone = AppStore|iPhone
		AppStore|iPhoneSimulator = AppStore|iPhoneSimulator
		AppStore|x64 = AppStore|x64
		AppStore|x86 = AppStore|x86
		Debug|Any CPU = Debug|Any CPU
		Debug|ARM = Debug|ARM
		Debug|iPhone = Debug|iPhone
		Debug|iPhoneSimulator = Debug|iPhoneSimulator
		Debug|x64 = Debug|x64
		Debug|x86 = Debug|x86
		Release|Any CPU = Release|Any CPU
		Release|ARM = Release|ARM
		Release|iPhone = Release|iPhone
		Release|iPhoneSimulator = Release|iPhoneSimulator
		Release|x64 = Release|x64
		Release|x86 = Release|x86
	EndGlobalSection
	GlobalSection(ProjectConfigurationPlatforms) = postSolution
		{9B8C904C-C1BC-4F68-A89E-EB544A7A894F}.Ad-Hoc|Any CPU.ActiveCfg = Release|Any CPU
		{9B8C904C-C1BC-4F68-A89E-EB544A7A894F}.Ad-Hoc|Any CPU.Build.0 = Release|Any CPU
		{9B8C904C-C1BC-4F68-A89E-EB544A7A894F}.Ad-Hoc|Any CPU.Deploy.0 = Release|Any CPU
		{9B8C904C-C1BC-4F68-A89E-EB544A7A894F}.Ad-Hoc|ARM.ActiveCfg = Release|Any CPU
		{9B8C904C-C1BC-4F68-A89E-EB544A7A894F}.Ad-Hoc|ARM.Build.0 = Release|Any CPU
		{9B8C904C-C1BC-4F68-A89E-EB544A7A894F}.Ad-Hoc|ARM.Deploy.0 = Release|Any CPU
		{9B8C904C-C1BC-4F68-A89E-EB544A7A894F}.Ad-Hoc|iPhone.ActiveCfg = Release|Any CPU
		{9B8C904C-C1BC-4F68-A89E-EB544A7A894F}.Ad-Hoc|iPhone.Build.0 = Release|Any CPU
		{9B8C904C-C1BC-4F68-A89E-EB544A7A894F}.Ad-Hoc|iPhone.Deploy.0 = Release|Any CPU
		{9B8C904C-C1BC-4F68-A89E-EB544A7A894F}.Ad-Hoc|iPhoneSimulator.ActiveCfg = Release|Any CPU
		{9B8C904C-C1BC-4F68-A89E-EB544A7A894F}.Ad-Hoc|iPhoneSimulator.Build.0 = Release|Any CPU
		{9B8C904C-C1BC-4F68-A89E-EB544A7A894F}.Ad-Hoc|iPhoneSimulator.Deploy.0 = Release|Any CPU
		{9B8C904C-C1BC-4F68-A89E-EB544A7A894F}.Ad-Hoc|x64.ActiveCfg = Release|Any CPU
		{9B8C904C-C1BC-4F68-A89E-EB544A7A894F}.Ad-Hoc|x64.Build.0 = Release|Any CPU
		{9B8C904C-C1BC-4F68-A89E-EB544A7A894F}.Ad-Hoc|x64.Deploy.0 = Release|Any CPU
		{9B8C904C-C1BC-4F68-A89E-EB544A7A894F}.Ad-Hoc|x86.ActiveCfg = Release|Any CPU
		{9B8C904C-C1BC-4F68-A89E-EB544A7A894F}.Ad-Hoc|x86.Build.0 = Release|Any CPU
		{9B8C904C-C1BC-4F68-A89E-EB544A7A894F}.Ad-Hoc|x86.Deploy.0 = Release|Any CPU
		{9B8C904C-C1BC-4F68-A89E-EB544A7A894F}.AppStore|Any CPU.ActiveCfg = Release|Any CPU
		{9B8C904C-C1BC-4F68-A89E-EB544A7A894F}.AppStore|Any CPU.Build.0 = Release|Any CPU
		{9B8C904C-C1BC-4F68-A89E-EB544A7A894F}.AppStore|Any CPU.Deploy.0 = Release|Any CPU
		{9B8C904C-C1BC-4F68-A89E-EB544A7A894F}.AppStore|ARM.ActiveCfg = Release|Any CPU
		{9B8C904C-C1BC-4F68-A89E-EB544A7A894F}.AppStore|ARM.Build.0 = Release|Any CPU
		{9B8C904C-C1BC-4F68-A89E-EB544A7A894F}.AppStore|ARM.Deploy.0 = Release|Any CPU
		{9B8C904C-C1BC-4F68-A89E-EB544A7A894F}.AppStore|iPhone.ActiveCfg = Release|Any CPU
		{9B8C904C-C1BC-4F68-A89E-EB544A7A894F}.AppStore|iPhone.Build.0 = Release|Any CPU
		{9B8C904C-C1BC-4F68-A89E-EB544A7A894F}.AppStore|iPhone.Deploy.0 = Release|Any CPU
		{9B8C904C-C1BC-4F68-A89E-EB544A7A894F}.AppStore|iPhoneSimulator.ActiveCfg = Release|Any CPU
		{9B8C904C-C1BC-4F68-A89E-EB544A7A894F}.AppStore|iPhoneSimulator.Build.0 = Release|Any CPU
		{9B8C904C-C1BC-4F68-A89E-EB544A7A894F}.AppStore|iPhoneSimulator.Deploy.0 = Release|Any CPU
		{9B8C904C-C1BC-4F68-A89E-EB544A7A894F}.AppStore|x64.ActiveCfg = Release|Any CPU
		{9B8C904C-C1BC-4F68-A89E-EB544A7A894F}.AppStore|x64.Build.0 = Release|Any CPU
		{9B8C904C-C1BC-4F68-A89E-EB544A7A894F}.AppStore|x64.Deploy.0 = Release|Any CPU
		{9B8C904C-C1BC-4F68-A89E-EB544A7A894F}.AppStore|x86.ActiveCfg = Release|Any CPU
		{9B8C904C-C1BC-4F68-A89E-EB544A7A894F}.AppStore|x86.Build.0 = Release|Any CPU
		{9B8C904C-C1BC-4F68-A89E-EB544A7A894F}.AppStore|x86.Deploy.0 = Release|Any CPU
		{9B8C904C-C1BC-4F68-A89E-EB544A7A894F}.Debug|Any CPU.ActiveCfg = Debug|Any CPU
		{9B8C904C-C1BC-4F68-A89E-EB544A7A894F}.Debug|Any CPU.Build.0 = Debug|Any CPU
		{9B8C904C-C1BC-4F68-A89E-EB544A7A894F}.Debug|Any CPU.Deploy.0 = Debug|Any CPU
		{9B8C904C-C1BC-4F68-A89E-EB544A7A894F}.Debug|ARM.ActiveCfg = Debug|Any CPU
		{9B8C904C-C1BC-4F68-A89E-EB544A7A894F}.Debug|ARM.Build.0 = Debug|Any CPU
		{9B8C904C-C1BC-4F68-A89E-EB544A7A894F}.Debug|ARM.Deploy.0 = Debug|Any CPU
		{9B8C904C-C1BC-4F68-A89E-EB544A7A894F}.Debug|iPhone.ActiveCfg = Debug|Any CPU
		{9B8C904C-C1BC-4F68-A89E-EB544A7A894F}.Debug|iPhone.Build.0 = Debug|Any CPU
		{9B8C904C-C1BC-4F68-A89E-EB544A7A894F}.Debug|iPhone.Deploy.0 = Debug|Any CPU
		{9B8C904C-C1BC-4F68-A89E-EB544A7A894F}.Debug|iPhoneSimulator.ActiveCfg = Debug|Any CPU
		{9B8C904C-C1BC-4F68-A89E-EB544A7A894F}.Debug|iPhoneSimulator.Build.0 = Debug|Any CPU
		{9B8C904C-C1BC-4F68-A89E-EB544A7A894F}.Debug|iPhoneSimulator.Deploy.0 = Debug|Any CPU
		{9B8C904C-C1BC-4F68-A89E-EB544A7A894F}.Debug|x64.ActiveCfg = Debug|Any CPU
		{9B8C904C-C1BC-4F68-A89E-EB544A7A894F}.Debug|x64.Build.0 = Debug|Any CPU
		{9B8C904C-C1BC-4F68-A89E-EB544A7A894F}.Debug|x64.Deploy.0 = Debug|Any CPU
		{9B8C904C-C1BC-4F68-A89E-EB544A7A894F}.Debug|x86.ActiveCfg = Debug|Any CPU
		{9B8C904C-C1BC-4F68-A89E-EB544A7A894F}.Debug|x86.Build.0 = Debug|Any CPU
		{9B8C904C-C1BC-4F68-A89E-EB544A7A894F}.Debug|x86.Deploy.0 = Debug|Any CPU
		{9B8C904C-C1BC-4F68-A89E-EB544A7A894F}.Release|Any CPU.ActiveCfg = Release|Any CPU
		{9B8C904C-C1BC-4F68-A89E-EB544A7A894F}.Release|Any CPU.Build.0 = Release|Any CPU
		{9B8C904C-C1BC-4F68-A89E-EB544A7A894F}.Release|Any CPU.Deploy.0 = Release|Any CPU
		{9B8C904C-C1BC-4F68-A89E-EB544A7A894F}.Release|ARM.ActiveCfg = Release|Any CPU
		{9B8C904C-C1BC-4F68-A89E-EB544A7A894F}.Release|ARM.Build.0 = Release|Any CPU
		{9B8C904C-C1BC-4F68-A89E-EB544A7A894F}.Release|ARM.Deploy.0 = Release|Any CPU
		{9B8C904C-C1BC-4F68-A89E-EB544A7A894F}.Release|iPhone.ActiveCfg = Release|Any CPU
		{9B8C904C-C1BC-4F68-A89E-EB544A7A894F}.Release|iPhone.Build.0 = Release|Any CPU
		{9B8C904C-C1BC-4F68-A89E-EB544A7A894F}.Release|iPhone.Deploy.0 = Release|Any CPU
		{9B8C904C-C1BC-4F68-A89E-EB544A7A894F}.Release|iPhoneSimulator.ActiveCfg = Release|Any CPU
		{9B8C904C-C1BC-4F68-A89E-EB544A7A894F}.Release|iPhoneSimulator.Build.0 = Release|Any CPU
		{9B8C904C-C1BC-4F68-A89E-EB544A7A894F}.Release|iPhoneSimulator.Deploy.0 = Release|Any CPU
		{9B8C904C-C1BC-4F68-A89E-EB544A7A894F}.Release|x64.ActiveCfg = Release|Any CPU
		{9B8C904C-C1BC-4F68-A89E-EB544A7A894F}.Release|x64.Build.0 = Release|Any CPU
		{9B8C904C-C1BC-4F68-A89E-EB544A7A894F}.Release|x64.Deploy.0 = Release|Any CPU
		{9B8C904C-C1BC-4F68-A89E-EB544A7A894F}.Release|x86.ActiveCfg = Release|Any CPU
		{9B8C904C-C1BC-4F68-A89E-EB544A7A894F}.Release|x86.Build.0 = Release|Any CPU
		{9B8C904C-C1BC-4F68-A89E-EB544A7A894F}.Release|x86.Deploy.0 = Release|Any CPU
		{720DA230-DEE6-4806-955A-048C83A75B9F}.Ad-Hoc|Any CPU.ActiveCfg = Ad-Hoc|iPhone
		{720DA230-DEE6-4806-955A-048C83A75B9F}.Ad-Hoc|Any CPU.Build.0 = Ad-Hoc|iPhone
		{720DA230-DEE6-4806-955A-048C83A75B9F}.Ad-Hoc|Any CPU.Deploy.0 = Ad-Hoc|iPhone
		{720DA230-DEE6-4806-955A-048C83A75B9F}.Ad-Hoc|ARM.ActiveCfg = Ad-Hoc|iPhone
		{720DA230-DEE6-4806-955A-048C83A75B9F}.Ad-Hoc|ARM.Build.0 = Ad-Hoc|iPhone
		{720DA230-DEE6-4806-955A-048C83A75B9F}.Ad-Hoc|ARM.Deploy.0 = Ad-Hoc|iPhone
		{720DA230-DEE6-4806-955A-048C83A75B9F}.Ad-Hoc|iPhone.ActiveCfg = Ad-Hoc|iPhone
		{720DA230-DEE6-4806-955A-048C83A75B9F}.Ad-Hoc|iPhone.Build.0 = Ad-Hoc|iPhone
		{720DA230-DEE6-4806-955A-048C83A75B9F}.Ad-Hoc|iPhone.Deploy.0 = Ad-Hoc|iPhone
		{720DA230-DEE6-4806-955A-048C83A75B9F}.Ad-Hoc|iPhoneSimulator.ActiveCfg = Ad-Hoc|iPhoneSimulator
		{720DA230-DEE6-4806-955A-048C83A75B9F}.Ad-Hoc|iPhoneSimulator.Build.0 = Ad-Hoc|iPhoneSimulator
		{720DA230-DEE6-4806-955A-048C83A75B9F}.Ad-Hoc|iPhoneSimulator.Deploy.0 = Ad-Hoc|iPhoneSimulator
		{720DA230-DEE6-4806-955A-048C83A75B9F}.Ad-Hoc|x64.ActiveCfg = Ad-Hoc|iPhone
		{720DA230-DEE6-4806-955A-048C83A75B9F}.Ad-Hoc|x64.Build.0 = Ad-Hoc|iPhone
		{720DA230-DEE6-4806-955A-048C83A75B9F}.Ad-Hoc|x64.Deploy.0 = Ad-Hoc|iPhone
		{720DA230-DEE6-4806-955A-048C83A75B9F}.Ad-Hoc|x86.ActiveCfg = Ad-Hoc|iPhone
		{720DA230-DEE6-4806-955A-048C83A75B9F}.Ad-Hoc|x86.Build.0 = Ad-Hoc|iPhone
		{720DA230-DEE6-4806-955A-048C83A75B9F}.Ad-Hoc|x86.Deploy.0 = Ad-Hoc|iPhone
		{720DA230-DEE6-4806-955A-048C83A75B9F}.AppStore|Any CPU.ActiveCfg = AppStore|iPhone
		{720DA230-DEE6-4806-955A-048C83A75B9F}.AppStore|Any CPU.Build.0 = AppStore|iPhone
		{720DA230-DEE6-4806-955A-048C83A75B9F}.AppStore|Any CPU.Deploy.0 = AppStore|iPhone
		{720DA230-DEE6-4806-955A-048C83A75B9F}.AppStore|ARM.ActiveCfg = AppStore|iPhone
		{720DA230-DEE6-4806-955A-048C83A75B9F}.AppStore|ARM.Build.0 = AppStore|iPhone
		{720DA230-DEE6-4806-955A-048C83A75B9F}.AppStore|ARM.Deploy.0 = AppStore|iPhone
		{720DA230-DEE6-4806-955A-048C83A75B9F}.AppStore|iPhone.ActiveCfg = AppStore|iPhone
		{720DA230-DEE6-4806-955A-048C83A75B9F}.AppStore|iPhone.Build.0 = AppStore|iPhone
		{720DA230-DEE6-4806-955A-048C83A75B9F}.AppStore|iPhone.Deploy.0 = AppStore|iPhone
		{720DA230-DEE6-4806-955A-048C83A75B9F}.AppStore|iPhoneSimulator.ActiveCfg = AppStore|iPhoneSimulator
		{720DA230-DEE6-4806-955A-048C83A75B9F}.AppStore|iPhoneSimulator.Build.0 = AppStore|iPhoneSimulator
		{720DA230-DEE6-4806-955A-048C83A75B9F}.AppStore|iPhoneSimulator.Deploy.0 = AppStore|iPhoneSimulator
		{720DA230-DEE6-4806-955A-048C83A75B9F}.AppStore|x64.ActiveCfg = AppStore|iPhone
		{720DA230-DEE6-4806-955A-048C83A75B9F}.AppStore|x64.Build.0 = AppStore|iPhone
		{720DA230-DEE6-4806-955A-048C83A75B9F}.AppStore|x64.Deploy.0 = AppStore|iPhone
		{720DA230-DEE6-4806-955A-048C83A75B9F}.AppStore|x86.ActiveCfg = AppStore|iPhone
		{720DA230-DEE6-4806-955A-048C83A75B9F}.AppStore|x86.Build.0 = AppStore|iPhone
		{720DA230-DEE6-4806-955A-048C83A75B9F}.AppStore|x86.Deploy.0 = AppStore|iPhone
		{720DA230-DEE6-4806-955A-048C83A75B9F}.Debug|Any CPU.ActiveCfg = Debug|iPhoneSimulator
		{720DA230-DEE6-4806-955A-048C83A75B9F}.Debug|Any CPU.Build.0 = Debug|iPhoneSimulator
		{720DA230-DEE6-4806-955A-048C83A75B9F}.Debug|Any CPU.Deploy.0 = Debug|iPhoneSimulator
		{720DA230-DEE6-4806-955A-048C83A75B9F}.Debug|ARM.ActiveCfg = Debug|iPhone
		{720DA230-DEE6-4806-955A-048C83A75B9F}.Debug|ARM.Build.0 = Debug|iPhone
		{720DA230-DEE6-4806-955A-048C83A75B9F}.Debug|ARM.Deploy.0 = Debug|iPhone
		{720DA230-DEE6-4806-955A-048C83A75B9F}.Debug|iPhone.ActiveCfg = Debug|iPhone
		{720DA230-DEE6-4806-955A-048C83A75B9F}.Debug|iPhone.Build.0 = Debug|iPhone
		{720DA230-DEE6-4806-955A-048C83A75B9F}.Debug|iPhone.Deploy.0 = Debug|iPhone
		{720DA230-DEE6-4806-955A-048C83A75B9F}.Debug|iPhoneSimulator.ActiveCfg = Debug|iPhoneSimulator
		{720DA230-DEE6-4806-955A-048C83A75B9F}.Debug|iPhoneSimulator.Build.0 = Debug|iPhoneSimulator
		{720DA230-DEE6-4806-955A-048C83A75B9F}.Debug|iPhoneSimulator.Deploy.0 = Debug|iPhoneSimulator
		{720DA230-DEE6-4806-955A-048C83A75B9F}.Debug|x64.ActiveCfg = Debug|iPhone
		{720DA230-DEE6-4806-955A-048C83A75B9F}.Debug|x64.Build.0 = Debug|iPhone
		{720DA230-DEE6-4806-955A-048C83A75B9F}.Debug|x64.Deploy.0 = Debug|iPhone
		{720DA230-DEE6-4806-955A-048C83A75B9F}.Debug|x86.ActiveCfg = Debug|iPhone
		{720DA230-DEE6-4806-955A-048C83A75B9F}.Debug|x86.Build.0 = Debug|iPhone
		{720DA230-DEE6-4806-955A-048C83A75B9F}.Debug|x86.Deploy.0 = Debug|iPhone
		{720DA230-DEE6-4806-955A-048C83A75B9F}.Release|Any CPU.ActiveCfg = Release|iPhone
		{720DA230-DEE6-4806-955A-048C83A75B9F}.Release|Any CPU.Build.0 = Release|iPhone
		{720DA230-DEE6-4806-955A-048C83A75B9F}.Release|Any CPU.Deploy.0 = Release|iPhone
		{720DA230-DEE6-4806-955A-048C83A75B9F}.Release|ARM.ActiveCfg = Release|iPhone
		{720DA230-DEE6-4806-955A-048C83A75B9F}.Release|ARM.Build.0 = Release|iPhone
		{720DA230-DEE6-4806-955A-048C83A75B9F}.Release|ARM.Deploy.0 = Release|iPhone
		{720DA230-DEE6-4806-955A-048C83A75B9F}.Release|iPhone.ActiveCfg = Release|iPhone
		{720DA230-DEE6-4806-955A-048C83A75B9F}.Release|iPhone.Build.0 = Release|iPhone
		{720DA230-DEE6-4806-955A-048C83A75B9F}.Release|iPhone.Deploy.0 = Release|iPhone
		{720DA230-DEE6-4806-955A-048C83A75B9F}.Release|iPhoneSimulator.ActiveCfg = Release|iPhoneSimulator
		{720DA230-DEE6-4806-955A-048C83A75B9F}.Release|iPhoneSimulator.Build.0 = Release|iPhoneSimulator
		{720DA230-DEE6-4806-955A-048C83A75B9F}.Release|iPhoneSimulator.Deploy.0 = Release|iPhoneSimulator
		{720DA230-DEE6-4806-955A-048C83A75B9F}.Release|x64.ActiveCfg = Release|iPhone
		{720DA230-DEE6-4806-955A-048C83A75B9F}.Release|x64.Build.0 = Release|iPhone
		{720DA230-DEE6-4806-955A-048C83A75B9F}.Release|x64.Deploy.0 = Release|iPhone
		{720DA230-DEE6-4806-955A-048C83A75B9F}.Release|x86.ActiveCfg = Release|iPhone
		{720DA230-DEE6-4806-955A-048C83A75B9F}.Release|x86.Build.0 = Release|iPhone
		{720DA230-DEE6-4806-955A-048C83A75B9F}.Release|x86.Deploy.0 = Release|iPhone
		{01874963-6C1A-459E-9F87-732B9F6F5989}.Ad-Hoc|Any CPU.ActiveCfg = Release|x86
		{01874963-6C1A-459E-9F87-732B9F6F5989}.Ad-Hoc|Any CPU.Build.0 = Release|x86
		{01874963-6C1A-459E-9F87-732B9F6F5989}.Ad-Hoc|Any CPU.Deploy.0 = Release|x86
		{01874963-6C1A-459E-9F87-732B9F6F5989}.Ad-Hoc|ARM.ActiveCfg = Release|ARM
		{01874963-6C1A-459E-9F87-732B9F6F5989}.Ad-Hoc|ARM.Build.0 = Release|ARM
		{01874963-6C1A-459E-9F87-732B9F6F5989}.Ad-Hoc|ARM.Deploy.0 = Release|ARM
		{01874963-6C1A-459E-9F87-732B9F6F5989}.Ad-Hoc|iPhone.ActiveCfg = Release|x86
		{01874963-6C1A-459E-9F87-732B9F6F5989}.Ad-Hoc|iPhone.Build.0 = Release|x86
		{01874963-6C1A-459E-9F87-732B9F6F5989}.Ad-Hoc|iPhone.Deploy.0 = Release|x86
		{01874963-6C1A-459E-9F87-732B9F6F5989}.Ad-Hoc|iPhoneSimulator.ActiveCfg = Release|x86
		{01874963-6C1A-459E-9F87-732B9F6F5989}.Ad-Hoc|iPhoneSimulator.Build.0 = Release|x86
		{01874963-6C1A-459E-9F87-732B9F6F5989}.Ad-Hoc|iPhoneSimulator.Deploy.0 = Release|x86
		{01874963-6C1A-459E-9F87-732B9F6F5989}.Ad-Hoc|x64.ActiveCfg = Release|x64
		{01874963-6C1A-459E-9F87-732B9F6F5989}.Ad-Hoc|x64.Build.0 = Release|x64
		{01874963-6C1A-459E-9F87-732B9F6F5989}.Ad-Hoc|x64.Deploy.0 = Release|x64
		{01874963-6C1A-459E-9F87-732B9F6F5989}.Ad-Hoc|x86.ActiveCfg = Release|x86
		{01874963-6C1A-459E-9F87-732B9F6F5989}.Ad-Hoc|x86.Build.0 = Release|x86
		{01874963-6C1A-459E-9F87-732B9F6F5989}.Ad-Hoc|x86.Deploy.0 = Release|x86
		{01874963-6C1A-459E-9F87-732B9F6F5989}.AppStore|Any CPU.ActiveCfg = Release|x86
		{01874963-6C1A-459E-9F87-732B9F6F5989}.AppStore|Any CPU.Build.0 = Release|x86
		{01874963-6C1A-459E-9F87-732B9F6F5989}.AppStore|Any CPU.Deploy.0 = Release|x86
		{01874963-6C1A-459E-9F87-732B9F6F5989}.AppStore|ARM.ActiveCfg = Release|ARM
		{01874963-6C1A-459E-9F87-732B9F6F5989}.AppStore|ARM.Build.0 = Release|ARM
		{01874963-6C1A-459E-9F87-732B9F6F5989}.AppStore|ARM.Deploy.0 = Release|ARM
		{01874963-6C1A-459E-9F87-732B9F6F5989}.AppStore|iPhone.ActiveCfg = Release|x86
		{01874963-6C1A-459E-9F87-732B9F6F5989}.AppStore|iPhone.Build.0 = Release|x86
		{01874963-6C1A-459E-9F87-732B9F6F5989}.AppStore|iPhone.Deploy.0 = Release|x86
		{01874963-6C1A-459E-9F87-732B9F6F5989}.AppStore|iPhoneSimulator.ActiveCfg = Release|x86
		{01874963-6C1A-459E-9F87-732B9F6F5989}.AppStore|iPhoneSimulator.Build.0 = Release|x86
		{01874963-6C1A-459E-9F87-732B9F6F5989}.AppStore|iPhoneSimulator.Deploy.0 = Release|x86
		{01874963-6C1A-459E-9F87-732B9F6F5989}.AppStore|x64.ActiveCfg = Release|x64
		{01874963-6C1A-459E-9F87-732B9F6F5989}.AppStore|x64.Build.0 = Release|x64
		{01874963-6C1A-459E-9F87-732B9F6F5989}.AppStore|x64.Deploy.0 = Release|x64
		{01874963-6C1A-459E-9F87-732B9F6F5989}.AppStore|x86.ActiveCfg = Release|x86
		{01874963-6C1A-459E-9F87-732B9F6F5989}.AppStore|x86.Build.0 = Release|x86
		{01874963-6C1A-459E-9F87-732B9F6F5989}.AppStore|x86.Deploy.0 = Release|x86
		{01874963-6C1A-459E-9F87-732B9F6F5989}.Debug|Any CPU.ActiveCfg = Debug|x86
		{01874963-6C1A-459E-9F87-732B9F6F5989}.Debug|Any CPU.Build.0 = Debug|x86
		{01874963-6C1A-459E-9F87-732B9F6F5989}.Debug|Any CPU.Deploy.0 = Debug|x86
		{01874963-6C1A-459E-9F87-732B9F6F5989}.Debug|ARM.ActiveCfg = Debug|ARM
		{01874963-6C1A-459E-9F87-732B9F6F5989}.Debug|ARM.Build.0 = Debug|ARM
		{01874963-6C1A-459E-9F87-732B9F6F5989}.Debug|ARM.Deploy.0 = Debug|ARM
		{01874963-6C1A-459E-9F87-732B9F6F5989}.Debug|iPhone.ActiveCfg = Debug|x86
		{01874963-6C1A-459E-9F87-732B9F6F5989}.Debug|iPhone.Build.0 = Debug|x86
		{01874963-6C1A-459E-9F87-732B9F6F5989}.Debug|iPhone.Deploy.0 = Debug|x86
		{01874963-6C1A-459E-9F87-732B9F6F5989}.Debug|iPhoneSimulator.ActiveCfg = Debug|x86
		{01874963-6C1A-459E-9F87-732B9F6F5989}.Debug|iPhoneSimulator.Build.0 = Debug|x86
		{01874963-6C1A-459E-9F87-732B9F6F5989}.Debug|iPhoneSimulator.Deploy.0 = Debug|x86
		{01874963-6C1A-459E-9F87-732B9F6F5989}.Debug|x64.ActiveCfg = Debug|x64
		{01874963-6C1A-459E-9F87-732B9F6F5989}.Debug|x64.Build.0 = Debug|x64
		{01874963-6C1A-459E-9F87-732B9F6F5989}.Debug|x64.Deploy.0 = Debug|x64
		{01874963-6C1A-459E-9F87-732B9F6F5989}.Debug|x86.ActiveCfg = Debug|x86
		{01874963-6C1A-459E-9F87-732B9F6F5989}.Debug|x86.Build.0 = Debug|x86
		{01874963-6C1A-459E-9F87-732B9F6F5989}.Debug|x86.Deploy.0 = Debug|x86
		{01874963-6C1A-459E-9F87-732B9F6F5989}.Release|Any CPU.ActiveCfg = Release|x86
		{01874963-6C1A-459E-9F87-732B9F6F5989}.Release|Any CPU.Build.0 = Release|x86
		{01874963-6C1A-459E-9F87-732B9F6F5989}.Release|Any CPU.Deploy.0 = Release|x86
		{01874963-6C1A-459E-9F87-732B9F6F5989}.Release|ARM.ActiveCfg = Release|ARM
		{01874963-6C1A-459E-9F87-732B9F6F5989}.Release|ARM.Build.0 = Release|ARM
		{01874963-6C1A-459E-9F87-732B9F6F5989}.Release|ARM.Deploy.0 = Release|ARM
		{01874963-6C1A-459E-9F87-732B9F6F5989}.Release|iPhone.ActiveCfg = Release|x86
		{01874963-6C1A-459E-9F87-732B9F6F5989}.Release|iPhone.Build.0 = Release|x86
		{01874963-6C1A-459E-9F87-732B9F6F5989}.Release|iPhone.Deploy.0 = Release|x86
		{01874963-6C1A-459E-9F87-732B9F6F5989}.Release|iPhoneSimulator.ActiveCfg = Release|x86
		{01874963-6C1A-459E-9F87-732B9F6F5989}.Release|iPhoneSimulator.Build.0 = Release|x86
		{01874963-6C1A-459E-9F87-732B9F6F5989}.Release|iPhoneSimulator.Deploy.0 = Release|x86
		{01874963-6C1A-459E-9F87-732B9F6F5989}.Release|x64.ActiveCfg = Release|x64
		{01874963-6C1A-459E-9F87-732B9F6F5989}.Release|x64.Build.0 = Release|x64
		{01874963-6C1A-459E-9F87-732B9F6F5989}.Release|x64.Deploy.0 = Release|x64
		{01874963-6C1A-459E-9F87-732B9F6F5989}.Release|x86.ActiveCfg = Release|x86
		{01874963-6C1A-459E-9F87-732B9F6F5989}.Release|x86.Build.0 = Release|x86
		{01874963-6C1A-459E-9F87-732B9F6F5989}.Release|x86.Deploy.0 = Release|x86
		{878CC8EE-BDC8-4781-B2FC-8535AA9A2968}.Ad-Hoc|Any CPU.ActiveCfg = Debug|Any CPU
		{878CC8EE-BDC8-4781-B2FC-8535AA9A2968}.Ad-Hoc|Any CPU.Build.0 = Debug|Any CPU
		{878CC8EE-BDC8-4781-B2FC-8535AA9A2968}.Ad-Hoc|Any CPU.Deploy.0 = Debug|Any CPU
		{878CC8EE-BDC8-4781-B2FC-8535AA9A2968}.Ad-Hoc|ARM.ActiveCfg = Debug|Any CPU
		{878CC8EE-BDC8-4781-B2FC-8535AA9A2968}.Ad-Hoc|ARM.Build.0 = Debug|Any CPU
		{878CC8EE-BDC8-4781-B2FC-8535AA9A2968}.Ad-Hoc|ARM.Deploy.0 = Debug|Any CPU
		{878CC8EE-BDC8-4781-B2FC-8535AA9A2968}.Ad-Hoc|iPhone.ActiveCfg = Debug|Any CPU
		{878CC8EE-BDC8-4781-B2FC-8535AA9A2968}.Ad-Hoc|iPhone.Build.0 = Debug|Any CPU
		{878CC8EE-BDC8-4781-B2FC-8535AA9A2968}.Ad-Hoc|iPhone.Deploy.0 = Debug|Any CPU
		{878CC8EE-BDC8-4781-B2FC-8535AA9A2968}.Ad-Hoc|iPhoneSimulator.ActiveCfg = Debug|Any CPU
		{878CC8EE-BDC8-4781-B2FC-8535AA9A2968}.Ad-Hoc|iPhoneSimulator.Build.0 = Debug|Any CPU
		{878CC8EE-BDC8-4781-B2FC-8535AA9A2968}.Ad-Hoc|iPhoneSimulator.Deploy.0 = Debug|Any CPU
		{878CC8EE-BDC8-4781-B2FC-8535AA9A2968}.Ad-Hoc|x64.ActiveCfg = Debug|Any CPU
		{878CC8EE-BDC8-4781-B2FC-8535AA9A2968}.Ad-Hoc|x64.Build.0 = Debug|Any CPU
		{878CC8EE-BDC8-4781-B2FC-8535AA9A2968}.Ad-Hoc|x64.Deploy.0 = Debug|Any CPU
		{878CC8EE-BDC8-4781-B2FC-8535AA9A2968}.Ad-Hoc|x86.ActiveCfg = Debug|Any CPU
		{878CC8EE-BDC8-4781-B2FC-8535AA9A2968}.Ad-Hoc|x86.Build.0 = Debug|Any CPU
		{878CC8EE-BDC8-4781-B2FC-8535AA9A2968}.Ad-Hoc|x86.Deploy.0 = Debug|Any CPU
		{878CC8EE-BDC8-4781-B2FC-8535AA9A2968}.AppStore|Any CPU.ActiveCfg = Debug|Any CPU
		{878CC8EE-BDC8-4781-B2FC-8535AA9A2968}.AppStore|Any CPU.Build.0 = Debug|Any CPU
		{878CC8EE-BDC8-4781-B2FC-8535AA9A2968}.AppStore|Any CPU.Deploy.0 = Debug|Any CPU
		{878CC8EE-BDC8-4781-B2FC-8535AA9A2968}.AppStore|ARM.ActiveCfg = Debug|Any CPU
		{878CC8EE-BDC8-4781-B2FC-8535AA9A2968}.AppStore|ARM.Build.0 = Debug|Any CPU
		{878CC8EE-BDC8-4781-B2FC-8535AA9A2968}.AppStore|ARM.Deploy.0 = Debug|Any CPU
		{878CC8EE-BDC8-4781-B2FC-8535AA9A2968}.AppStore|iPhone.ActiveCfg = Debug|Any CPU
		{878CC8EE-BDC8-4781-B2FC-8535AA9A2968}.AppStore|iPhone.Build.0 = Debug|Any CPU
		{878CC8EE-BDC8-4781-B2FC-8535AA9A2968}.AppStore|iPhone.Deploy.0 = Debug|Any CPU
		{878CC8EE-BDC8-4781-B2FC-8535AA9A2968}.AppStore|iPhoneSimulator.ActiveCfg = Debug|Any CPU
		{878CC8EE-BDC8-4781-B2FC-8535AA9A2968}.AppStore|iPhoneSimulator.Build.0 = Debug|Any CPU
		{878CC8EE-BDC8-4781-B2FC-8535AA9A2968}.AppStore|iPhoneSimulator.Deploy.0 = Debug|Any CPU
		{878CC8EE-BDC8-4781-B2FC-8535AA9A2968}.AppStore|x64.ActiveCfg = Debug|Any CPU
		{878CC8EE-BDC8-4781-B2FC-8535AA9A2968}.AppStore|x64.Build.0 = Debug|Any CPU
		{878CC8EE-BDC8-4781-B2FC-8535AA9A2968}.AppStore|x64.Deploy.0 = Debug|Any CPU
		{878CC8EE-BDC8-4781-B2FC-8535AA9A2968}.AppStore|x86.ActiveCfg = Debug|Any CPU
		{878CC8EE-BDC8-4781-B2FC-8535AA9A2968}.AppStore|x86.Build.0 = Debug|Any CPU
		{878CC8EE-BDC8-4781-B2FC-8535AA9A2968}.AppStore|x86.Deploy.0 = Debug|Any CPU
		{878CC8EE-BDC8-4781-B2FC-8535AA9A2968}.Debug|Any CPU.ActiveCfg = Debug|Any CPU
		{878CC8EE-BDC8-4781-B2FC-8535AA9A2968}.Debug|Any CPU.Build.0 = Debug|Any CPU
		{878CC8EE-BDC8-4781-B2FC-8535AA9A2968}.Debug|Any CPU.Deploy.0 = Debug|Any CPU
		{878CC8EE-BDC8-4781-B2FC-8535AA9A2968}.Debug|ARM.ActiveCfg = Debug|Any CPU
		{878CC8EE-BDC8-4781-B2FC-8535AA9A2968}.Debug|ARM.Build.0 = Debug|Any CPU
		{878CC8EE-BDC8-4781-B2FC-8535AA9A2968}.Debug|ARM.Deploy.0 = Debug|Any CPU
		{878CC8EE-BDC8-4781-B2FC-8535AA9A2968}.Debug|iPhone.ActiveCfg = Debug|Any CPU
		{878CC8EE-BDC8-4781-B2FC-8535AA9A2968}.Debug|iPhone.Build.0 = Debug|Any CPU
		{878CC8EE-BDC8-4781-B2FC-8535AA9A2968}.Debug|iPhone.Deploy.0 = Debug|Any CPU
		{878CC8EE-BDC8-4781-B2FC-8535AA9A2968}.Debug|iPhoneSimulator.ActiveCfg = Debug|Any CPU
		{878CC8EE-BDC8-4781-B2FC-8535AA9A2968}.Debug|iPhoneSimulator.Build.0 = Debug|Any CPU
		{878CC8EE-BDC8-4781-B2FC-8535AA9A2968}.Debug|iPhoneSimulator.Deploy.0 = Debug|Any CPU
		{878CC8EE-BDC8-4781-B2FC-8535AA9A2968}.Debug|x64.ActiveCfg = Debug|Any CPU
		{878CC8EE-BDC8-4781-B2FC-8535AA9A2968}.Debug|x64.Build.0 = Debug|Any CPU
		{878CC8EE-BDC8-4781-B2FC-8535AA9A2968}.Debug|x64.Deploy.0 = Debug|Any CPU
		{878CC8EE-BDC8-4781-B2FC-8535AA9A2968}.Debug|x86.ActiveCfg = Debug|Any CPU
		{878CC8EE-BDC8-4781-B2FC-8535AA9A2968}.Debug|x86.Build.0 = Debug|Any CPU
		{878CC8EE-BDC8-4781-B2FC-8535AA9A2968}.Debug|x86.Deploy.0 = Debug|Any CPU
		{878CC8EE-BDC8-4781-B2FC-8535AA9A2968}.Release|Any CPU.ActiveCfg = Release|Any CPU
		{878CC8EE-BDC8-4781-B2FC-8535AA9A2968}.Release|Any CPU.Build.0 = Release|Any CPU
		{878CC8EE-BDC8-4781-B2FC-8535AA9A2968}.Release|Any CPU.Deploy.0 = Release|Any CPU
		{878CC8EE-BDC8-4781-B2FC-8535AA9A2968}.Release|ARM.ActiveCfg = Release|Any CPU
		{878CC8EE-BDC8-4781-B2FC-8535AA9A2968}.Release|ARM.Build.0 = Release|Any CPU
		{878CC8EE-BDC8-4781-B2FC-8535AA9A2968}.Release|ARM.Deploy.0 = Release|Any CPU
		{878CC8EE-BDC8-4781-B2FC-8535AA9A2968}.Release|iPhone.ActiveCfg = Release|Any CPU
		{878CC8EE-BDC8-4781-B2FC-8535AA9A2968}.Release|iPhone.Build.0 = Release|Any CPU
		{878CC8EE-BDC8-4781-B2FC-8535AA9A2968}.Release|iPhone.Deploy.0 = Release|Any CPU
		{878CC8EE-BDC8-4781-B2FC-8535AA9A2968}.Release|iPhoneSimulator.ActiveCfg = Release|Any CPU
		{878CC8EE-BDC8-4781-B2FC-8535AA9A2968}.Release|iPhoneSimulator.Build.0 = Release|Any CPU
		{878CC8EE-BDC8-4781-B2FC-8535AA9A2968}.Release|iPhoneSimulator.Deploy.0 = Release|Any CPU
		{878CC8EE-BDC8-4781-B2FC-8535AA9A2968}.Release|x64.ActiveCfg = Release|Any CPU
		{878CC8EE-BDC8-4781-B2FC-8535AA9A2968}.Release|x64.Build.0 = Release|Any CPU
		{878CC8EE-BDC8-4781-B2FC-8535AA9A2968}.Release|x64.Deploy.0 = Release|Any CPU
		{878CC8EE-BDC8-4781-B2FC-8535AA9A2968}.Release|x86.ActiveCfg = Release|Any CPU
		{878CC8EE-BDC8-4781-B2FC-8535AA9A2968}.Release|x86.Build.0 = Release|Any CPU
		{878CC8EE-BDC8-4781-B2FC-8535AA9A2968}.Release|x86.Deploy.0 = Release|Any CPU
	EndGlobalSection
	GlobalSection(SolutionProperties) = preSolution
		HideSolutionNode = FALSE
	EndGlobalSection
	GlobalSection(ExtensibilityGlobals) = postSolution
		SolutionGuid = {8E97DD39-4497-4E89-A035-E8ABD764C657}
	EndGlobalSection
EndGlobal
